// !$*UTF8*$!
{
	archiveVersion = 1;
	classes = {
	};
	objectVersion = 46;
	objects = {

/* Begin PBXBuildFile section */
		AF20C2171E6800B8002D84E2 /* AppDelegate.swift in Sources */ = {isa = PBXBuildFile; fileRef = AF20C2161E6800B8002D84E2 /* AppDelegate.swift */; };
		AF20C2191E6800B8002D84E2 /* ViewController.swift in Sources */ = {isa = PBXBuildFile; fileRef = AF20C2181E6800B8002D84E2 /* ViewController.swift */; };
		AF20C21C1E6800B8002D84E2 /* Main.storyboard in Resources */ = {isa = PBXBuildFile; fileRef = AF20C21A1E6800B8002D84E2 /* Main.storyboard */; };
		AF20C21E1E6800B8002D84E2 /* Assets.xcassets in Resources */ = {isa = PBXBuildFile; fileRef = AF20C21D1E6800B8002D84E2 /* Assets.xcassets */; };
		AF20C2211E6800B8002D84E2 /* LaunchScreen.storyboard in Resources */ = {isa = PBXBuildFile; fileRef = AF20C21F1E6800B8002D84E2 /* LaunchScreen.storyboard */; };
/* End PBXBuildFile section */

/* Begin PBXFileReference section */
		AF20C2131E6800B8002D84E2 /* urlsessionDownload.app */ = {isa = PBXFileReference; explicitFileType = wrapper.application; includeInIndex = 0; path = urlsessionDownload.app; sourceTree = BUILT_PRODUCTS_DIR; };
		AF20C2161E6800B8002D84E2 /* AppDelegate.swift */ = {isa = PBXFileReference; lastKnownFileType = sourcecode.swift; path = AppDelegate.swift; sourceTree = "<group>"; };
		AF20C2181E6800B8002D84E2 /* ViewController.swift */ = {isa = PBXFileReference; lastKnownFileType = sourcecode.swift; path = ViewController.swift; sourceTree = "<group>"; };
		AF20C21B1E6800B8002D84E2 /* Base */ = {isa = PBXFileReference; lastKnownFileType = file.storyboard; name = Base; path = Base.lproj/Main.storyboard; sourceTree = "<group>"; };
		AF20C21D1E6800B8002D84E2 /* Assets.xcassets */ = {isa = PBXFileReference; lastKnownFileType = folder.assetcatalog; path = Assets.xcassets; sourceTree = "<group>"; };
		AF20C2201E6800B8002D84E2 /* Base */ = {isa = PBXFileReference; lastKnownFileType = file.storyboard; name = Base; path = Base.lproj/LaunchScreen.storyboard; sourceTree = "<group>"; };
		AF20C2221E6800B8002D84E2 /* Info.plist */ = {isa = PBXFileReference; lastKnownFileType = text.plist.xml; path = Info.plist; sourceTree = "<group>"; };
/* End PBXFileReference section */

/* Begin PBXFrameworksBuildPhase section */
		AF20C2101E6800B8002D84E2 /* Frameworks */ = {
			isa = PBXFrameworksBuildPhase;
			buildActionMask = 2147483647;
			files = (
			);
			runOnlyForDeploymentPostprocessing = 0;
		};
/* End PBXFrameworksBuildPhase section */

/* Begin PBXGroup section */
		AF20C20A1E6800B8002D84E2 = {
			isa = PBXGroup;
			children = (
				AF20C2151E6800B8002D84E2 /* urlsessionDownload */,
				AF20C2141E6800B8002D84E2 /* Products */,
			);
			sourceTree = "<group>";
		};
		AF20C2141E6800B8002D84E2 /* Products */ = {
			isa = PBXGroup;
			children = (
				AF20C2131E6800B8002D84E2 /* urlsessionDownload.app */,
			);
			name = Products;
			sourceTree = "<group>";
		};
		AF20C2151E6800B8002D84E2 /* urlsessionDownload */ = {
			isa = PBXGroup;
			children = (
				AF20C2161E6800B8002D84E2 /* AppDelegate.swift */,
				AF20C2181E6800B8002D84E2 /* ViewController.swift */,
				AF20C21A1E6800B8002D84E2 /* Main.storyboard */,
				AF20C21D1E6800B8002D84E2 /* Assets.xcassets */,
				AF20C21F1E6800B8002D84E2 /* LaunchScreen.storyboard */,
				AF20C2221E6800B8002D84E2 /* Info.plist */,
			);
			path = urlsessionDownload;
			sourceTree = "<group>";
		};
/* End PBXGroup section */

/* Begin PBXNativeTarget section */
		AF20C2121E6800B8002D84E2 /* urlsessionDownload */ = {
			isa = PBXNativeTarget;
			buildConfigurationList = AF20C2251E6800B8002D84E2 /* Build configuration list for PBXNativeTarget "urlsessionDownload" */;
			buildPhases = (
				AF20C20F1E6800B8002D84E2 /* Sources */,
				AF20C2101E6800B8002D84E2 /* Frameworks */,
				AF20C2111E6800B8002D84E2 /* Resources */,
			);
			buildRules = (
			);
			dependencies = (
			);
			name = urlsessionDownload;
			productName = urlsessionDownload;
			productReference = AF20C2131E6800B8002D84E2 /* urlsessionDownload.app */;
			productType = "com.apple.product-type.application";
		};
/* End PBXNativeTarget section */

/* Begin PBXProject section */
		AF20C20B1E6800B8002D84E2 /* Project object */ = {
			isa = PBXProject;
			attributes = {
				LastSwiftUpdateCheck = 0810;
				LastUpgradeCheck = 0810;
				ORGANIZATIONNAME = "ice elson";
				TargetAttributes = {
					AF20C2121E6800B8002D84E2 = {
						CreatedOnToolsVersion = 8.1;
						DevelopmentTeam = U55RL8468U;
						ProvisioningStyle = Automatic;
					};
				};
			};
			buildConfigurationList = AF20C20E1E6800B8002D84E2 /* Build configuration list for PBXProject "urlsessionDownload" */;
			compatibilityVersion = "Xcode 3.2";
			developmentRegion = English;
			hasScannedForEncodings = 0;
			knownRegions = (
				en,
				Base,
			);
			mainGroup = AF20C20A1E6800B8002D84E2;
			productRefGroup = AF20C2141E6800B8002D84E2 /* Products */;
			projectDirPath = "";
			projectRoot = "";
			targets = (
				AF20C2121E6800B8002D84E2 /* urlsessionDownload */,
			);
		};
/* End PBXProject section */

/* Begin PBXResourcesBuildPhase section */
		AF20C2111E6800B8002D84E2 /* Resources */ = {
			isa = PBXResourcesBuildPhase;
			buildActionMask = 2147483647;
			files = (
				AF20C2211E6800B8002D84E2 /* LaunchScreen.storyboard in Resources */,
				AF20C21E1E6800B8002D84E2 /* Assets.xcassets in Resources */,
				AF20C21C1E6800B8002D84E2 /* Main.storyboard in Resources */,
			);
			runOnlyForDeploymentPostprocessing = 0;
		};
/* End PBXResourcesBuildPhase section */

/* Begin PBXSourcesBuildPhase section */
		AF20C20F1E6800B8002D84E2 /* Sources */ = {
			isa = PBXSourcesBuildPhase;
			buildActionMask = 2147483647;
			files = (
				AF20C2191E6800B8002D84E2 /* ViewController.swift in Sources */,
				AF20C2171E6800B8002D84E2 /* AppDelegate.swift in Sources */,
			);
			runOnlyForDeploymentPostprocessing = 0;
		};
/* End PBXSourcesBuildPhase section */

/* Begin PBXVariantGroup section */
		AF20C21A1E6800B8002D84E2 /* Main.storyboard */ = {
			isa = PBXVariantGroup;
			children = (
				AF20C21B1E6800B8002D84E2 /* Base */,
			);
			name = Main.storyboard;
			sourceTree = "<group>";
		};
		AF20C21F1E6800B8002D84E2 /* LaunchScreen.storyboard */ = {
			isa = PBXVariantGroup;
			children = (
				AF20C2201E6800B8002D84E2 /* Base */,
			);
			name = LaunchScreen.storyboard;
			sourceTree = "<group>";
		};
/* End PBXVariantGroup section */

/* Begin XCBuildConfiguration section */
		AF20C2231E6800B8002D84E2 /* Debug */ = {
			isa = XCBuildConfiguration;
			buildSettings = {
				ALWAYS_SEARCH_USER_PATHS = NO;
				CLANG_ANALYZER_NONNULL = YES;
				CLANG_CXX_LANGUAGE_STANDARD = "gnu++0x";
				CLANG_CXX_LIBRARY = "libc++";
				CLANG_ENABLE_MODULES = YES;
				CLANG_ENABLE_OBJC_ARC = YES;
				CLANG_WARN_BOOL_CONVERSION = YES;
				CLANG_WARN_CONSTANT_CONVERSION = YES;
				CLANG_WARN_DIRECT_OBJC_ISA_USAGE = YES_ERROR;
				CLANG_WARN_DOCUMENTATION_COMMENTS = YES;
				CLANG_WARN_EMPTY_BODY = YES;
				CLANG_WARN_ENUM_CONVERSION = YES;
				CLANG_WARN_INFINITE_RECURSION = YES;
				CLANG_WARN_INT_CONVERSION = YES;
				CLANG_WARN_OBJC_ROOT_CLASS = YES_ERROR;
				CLANG_WARN_SUSPICIOUS_MOVES = YES;
				CLANG_WARN_UNREACHABLE_CODE = YES;
				CLANG_WARN__DUPLICATE_METHOD_MATCH = YES;
				"CODE_SIGN_IDENTITY[sdk=iphoneos*]" = "iPhone Developer";
				COPY_PHASE_STRIP = NO;
				DEBUG_INFORMATION_FORMAT = dwarf;
				ENABLE_STRICT_OBJC_MSGSEND = YES;
				ENABLE_TESTABILITY = YES;
				GCC_C_LANGUAGE_STANDARD = gnu99;
				GCC_DYNAMIC_NO_PIC = NO;
				GCC_NO_COMMON_BLOCKS = YES;
				GCC_OPTIMIZATION_LEVEL = 0;
				GCC_PREPROCESSOR_DEFINITIONS = (
					"DEBUG=1",
					"$(inherited)",
				);
				GCC_WARN_64_TO_32_BIT_CONVERSION = YES;
				GCC_WARN_ABOUT_RETURN_TYPE = YES_ERROR;
				GCC_WARN_UNDECLARED_SELECTOR = YES;
				GCC_WARN_UNINITIALIZED_AUTOS = YES_AGGRESSIVE;
				GCC_WARN_UNUSED_FUNCTION = YES;
				GCC_WARN_UNUSED_VARIABLE = YES;
				IPHONEOS_DEPLOYMENT_TARGET = 10.1;
				MTL_ENABLE_DEBUG_INFO = YES;
				ONLY_ACTIVE_ARCH = YES;
				SDKROOT = iphoneos;
				SWIFT_ACTIVE_COMPILATION_CONDITIONS = DEBUG;
				SWIFT_OPTIMIZATION_LEVEL = "-Onone";
			};
			name = Debug;
		};
		AF20C2241E6800B8002D84E2 /* Release */ = {
			isa = XCBuildConfiguration;
			buildSettings = {
				ALWAYS_SEARCH_USER_PATHS = NO;
				CLANG_ANALYZER_NONNULL = YES;
				CLANG_CXX_LANGUAGE_STANDARD = "gnu++0x";
				CLANG_CXX_LIBRARY = "libc++";
				CLANG_ENABLE_MODULES = YES;
				CLANG_ENABLE_OBJC_ARC = YES;
				CLANG_WARN_BOOL_CONVERSION = YES;
				CLANG_WARN_CONSTANT_CONVERSION = YES;
				CLANG_WARN_DIRECT_OBJC_ISA_USAGE = YES_ERROR;
				CLANG_WARN_DOCUMENTATION_COMMENTS = YES;
				CLANG_WARN_EMPTY_BODY = YES;
				CLANG_WARN_ENUM_CONVERSION = YES;
				CLANG_WARN_INFINITE_RECURSION = YES;
				CLANG_WARN_INT_CONVERSION = YES;
				CLANG_WARN_OBJC_ROOT_CLASS = YES_ERROR;
				CLANG_WARN_SUSPICIOUS_MOVES = YES;
				CLANG_WARN_UNREACHABLE_CODE = YES;
				CLANG_WARN__DUPLICATE_METHOD_MATCH = YES;
				"CODE_SIGN_IDENTITY[sdk=iphoneos*]" = "iPhone Developer";
				COPY_PHASE_STRIP = NO;
				DEBUG_INFORMATION_FORMAT = "dwarf-with-dsym";
				ENABLE_NS_ASSERTIONS = NO;
				ENABLE_STRICT_OBJC_MSGSEND = YES;
				GCC_C_LANGUAGE_STANDARD = gnu99;
				GCC_NO_COMMON_BLOCKS = YES;
				GCC_WARN_64_TO_32_BIT_CONVERSION = YES;
				GCC_WARN_ABOUT_RETURN_TYPE = YES_ERROR;
				GCC_WARN_UNDECLARED_SELECTOR = YES;
				GCC_WARN_UNINITIALIZED_AUTOS = YES_AGGRESSIVE;
				GCC_WARN_UNUSED_FUNCTION = YES;
				GCC_WARN_UNUSED_VARIABLE = YES;
				IPHONEOS_DEPLOYMENT_TARGET = 10.1;
				MTL_ENABLE_DEBUG_INFO = NO;
				SDKROOT = iphoneos;
				SWIFT_OPTIMIZATION_LEVEL = "-Owholemodule";
				VALIDATE_PRODUCT = YES;
			};
			name = Release;
		};
		AF20C2261E6800B8002D84E2 /* Debug */ = {
			isa = XCBuildConfiguration;
			buildSettings = {
				ASSETCATALOG_COMPILER_APPICON_NAME = AppIcon;
				DEVELOPMENT_TEAM = U55RL8468U;
				INFOPLIST_FILE = urlsessionDownload/Info.plist;
				LD_RUNPATH_SEARCH_PATHS = "$(inherited) @executable_path/Frameworks";
				PRODUCT_BUNDLE_IDENTIFIER = com.elson.urlsessionDownload;
				PRODUCT_NAME = "$(TARGET_NAME)";
				SWIFT_VERSION = 3.0;
			};
			name = Debug;
		};
		AF20C2271E6800B8002D84E2 /* Release */ = {
			isa = XCBuildConfiguration;
			buildSettings = {
				ASSETCATALOG_COMPILER_APPICON_NAME = AppIcon;
				DEVELOPMENT_TEAM = U55RL8468U;
				INFOPLIST_FILE = urlsessionDownload/Info.plist;
				LD_RUNPATH_SEARCH_PATHS = "$(inherited) @executable_path/Frameworks";
				PRODUCT_BUNDLE_IDENTIFIER = com.elson.urlsessionDownload;
				PRODUCT_NAME = "$(TARGET_NAME)";
				SWIFT_VERSION = 3.0;
			};
			name = Release;
		};
/* End XCBuildConfiguration section */

/* Begin XCConfigurationList section */
		AF20C20E1E6800B8002D84E2 /* Build configuration list for PBXProject "urlsessionDownload" */ = {
			isa = XCConfigurationList;
			buildConfigurations = (
				AF20C2231E6800B8002D84E2 /* Debug */,
				AF20C2241E6800B8002D84E2 /* Release */,
			);
			defaultConfigurationIsVisible = 0;
			defaultConfigurationName = Release;
		};
		AF20C2251E6800B8002D84E2 /* Build configuration list for PBXNativeTarget "urlsessionDownload" */ = {
			isa = XCConfigurationList;
			buildConfigurations = (
				AF20C2261E6800B8002D84E2 /* Debug */,
				AF20C2271E6800B8002D84E2 /* Release */,
			);
			defaultConfigurationIsVisible = 0;
		};
/* End XCConfigurationList section */
	};
	rootObject = AF20C20B1E6800B8002D84E2 /* Project object */;
}
